{
  "name": "snet-sdk-swift",
  "version": "1.0.0",
  "lockfileVersion": 2,
  "requires": true,
  "packages": {
    "": {
      "version": "1.0.0",
      "license": "ISC",
      "dependencies": {
        "singularitynet-platform-contracts": "file:../../../AGI_Phase2_NPM_Packages/singularitynet-platform-contracts"
      }
    },
    "../../../AGI_Phase2_NPM_Packages/singularitynet-platform-contracts": {
      "version": "0.3.3",
      "license": "MIT",
      "dependencies": {
        "singularitynet-token-contracts": "^2.0.1"
      }
    },
    "node_modules/singularitynet-platform-contracts": {
      "resolved": "../../../AGI_Phase2_NPM_Packages/singularitynet-platform-contracts",
      "link": true
    }
  },
  "dependencies": {
    "singularitynet-platform-contracts": {
      "version": "file:../../../AGI_Phase2_NPM_Packages/singularitynet-platform-contracts",
      "requires": {
        "singularitynet-token-contracts": "^2.0.1"
      }
    }
  }
}
